<?xml version="1.0" encoding="UTF-8" standalone="yes" ?>
<CodeBlocks_project_file>
	<FileVersion major="1" minor="6" />
	<Project>
		<Option title="Falling" />
		<Option pch_mode="2" />
		<Option compiler="gcc" />
		<Build>
			<Target title="Debug">
				<Option output="bin/Debug/Falling" prefix_auto="1" extension_auto="1" />
				<Option object_output="obj/Debug/" />
				<Option type="1" />
				<Option compiler="gcc" />
				<Compiler>
					<Add option="-g" />
				</Compiler>
			</Target>
			<Target title="Release">
				<Option output="bin/Release/Falling" prefix_auto="1" extension_auto="1" />
				<Option object_output="obj/Release/" />
				<Option type="1" />
				<Option compiler="gcc" />
				<Compiler>
					<Add option="-O2" />
				</Compiler>
				<Linker>
					<Add option="-s" />
				</Linker>
			</Target>
		</Build>
		<Compiler>
			<Add option="-Wall" />
			<Add option="-fexceptions" />
		</Compiler>
		<Unit filename="BaseOject.cpp" />
		<Unit filename="BaseOject.h" />
		<Unit filename="CommonFunc.cpp" />
		<Unit filename="CommonFunc.h" />
		<Unit filename="DATA.h" />
		<Unit filename="ImpTimer.cpp" />
		<Unit filename="ImpTimer.h" />
		<Unit filename="MainOject.cpp" />
		<Unit filename="MainOject.h" />
		<Unit filename="SDL_utils.cpp" />
		<Unit filename="SDL_utils.h" />
		<Unit filename="Text.cpp" />
		<Unit filename="TextOject.h" />
		<Unit filename="ThreatsOject.cpp" />
		<Unit filename="ThreatsOject.h" />
		<Unit filename="main.cpp" />
		<Extensions>
			<lib_finder disable_auto="1" />
		</Extensions>
	</Project>
</CodeBlocks_project_file>
